// !$*UTF8*$!
{
	archiveVersion = 1;
	classes = {
	};
	objectVersion = 48;
	objects = {

/* Begin PBXBuildFile section */
		279847202043570000C4D5A3 /* ChangeNameViewController.swift in Sources */ = {isa = PBXBuildFile; fileRef = 2798471F2043570000C4D5A3 /* ChangeNameViewController.swift */; };
		279847222043618100C4D5A3 /* ChangeEmailViewController.swift in Sources */ = {isa = PBXBuildFile; fileRef = 279847212043618100C4D5A3 /* ChangeEmailViewController.swift */; };
		27984724204365A800C4D5A3 /* ChangePasswordViewController.swift in Sources */ = {isa = PBXBuildFile; fileRef = 27984723204365A800C4D5A3 /* ChangePasswordViewController.swift */; };
		3F0201B12041148600C959B9 /* EditProfileViewController.swift in Sources */ = {isa = PBXBuildFile; fileRef = 3F0201B02041148600C959B9 /* EditProfileViewController.swift */; };
		4F2AB188817708726C4F4639 /* Pods_EagleSocial.framework in Frameworks */ = {isa = PBXBuildFile; fileRef = F05EAFF70536E4D9D3775ECB /* Pods_EagleSocial.framework */; };
		64007BD720799C70008750F9 /* Conversation.swift in Sources */ = {isa = PBXBuildFile; fileRef = 64007BD620799C70008750F9 /* Conversation.swift */; };
		64007BD920799E5A008750F9 /* SelectFriendViewController.swift in Sources */ = {isa = PBXBuildFile; fileRef = 64007BD820799E59008750F9 /* SelectFriendViewController.swift */; };
		64007BDD20799ED2008750F9 /* SelectFriendTableViewCell.swift in Sources */ = {isa = PBXBuildFile; fileRef = 64007BDB20799ED2008750F9 /* SelectFriendTableViewCell.swift */; };
		64007BDE20799ED2008750F9 /* SelectFriendTableViewCell.xib in Resources */ = {isa = PBXBuildFile; fileRef = 64007BDC20799ED2008750F9 /* SelectFriendTableViewCell.xib */; };
		644867D8205F0DBB00A90512 /* MessageListTableCell.swift in Sources */ = {isa = PBXBuildFile; fileRef = 644867D6205F0DBB00A90512 /* MessageListTableCell.swift */; };
		644867D9205F0DBB00A90512 /* MessageListTableCell.xib in Resources */ = {isa = PBXBuildFile; fileRef = 644867D7205F0DBB00A90512 /* MessageListTableCell.xib */; };
		644867DF205F498000A90512 /* MessageViewController.swift in Sources */ = {isa = PBXBuildFile; fileRef = 644867DE205F498000A90512 /* MessageViewController.swift */; };
		644867E1205F4DE100A90512 /* Message.swift in Sources */ = {isa = PBXBuildFile; fileRef = 644867E0205F4DE100A90512 /* Message.swift */; };
		644867E6205F51AB00A90512 /* MessageCell.swift in Sources */ = {isa = PBXBuildFile; fileRef = 644867E4205F51AB00A90512 /* MessageCell.swift */; };
		644867E7205F51AB00A90512 /* MessageCell.xib in Resources */ = {isa = PBXBuildFile; fileRef = 644867E5205F51AB00A90512 /* MessageCell.xib */; };
		C8049BAB20427F9000FAC2CC /* Post.swift in Sources */ = {isa = PBXBuildFile; fileRef = C8049BAA20427F9000FAC2CC /* Post.swift */; };
		C8049BAD2042850000FAC2CC /* PostSnapshot.swift in Sources */ = {isa = PBXBuildFile; fileRef = C8049BAC2042850000FAC2CC /* PostSnapshot.swift */; };
		C8049BAF2043898D00FAC2CC /* User.swift in Sources */ = {isa = PBXBuildFile; fileRef = C8049BAE2043898D00FAC2CC /* User.swift */; };
		C8049BB12043A5C200FAC2CC /* ProfileCreationViewController.swift in Sources */ = {isa = PBXBuildFile; fileRef = C8049BB02043A5C200FAC2CC /* ProfileCreationViewController.swift */; };
		C8049BB42046064D00FAC2CC /* FriendTableViewCell.swift in Sources */ = {isa = PBXBuildFile; fileRef = C8049BB22046064D00FAC2CC /* FriendTableViewCell.swift */; };
		C8049BB52046064D00FAC2CC /* FriendTableViewCell.xib in Resources */ = {isa = PBXBuildFile; fileRef = C8049BB32046064D00FAC2CC /* FriendTableViewCell.xib */; };
		C8479F7A203806E9002A9E9E /* StatusUpdateTableViewCell.swift in Sources */ = {isa = PBXBuildFile; fileRef = C8479F78203806E9002A9E9E /* StatusUpdateTableViewCell.swift */; };
		C8479F7B203806E9002A9E9E /* StatusUpdateTableViewCell.xib in Resources */ = {isa = PBXBuildFile; fileRef = C8479F79203806E9002A9E9E /* StatusUpdateTableViewCell.xib */; };
		C84B419320772B8F00CB2FB4 /* Comment.swift in Sources */ = {isa = PBXBuildFile; fileRef = C84B419220772B8F00CB2FB4 /* Comment.swift */; };
		C86ABB7A2018E8A900163279 /* AppDelegate.swift in Sources */ = {isa = PBXBuildFile; fileRef = C86ABB792018E8A900163279 /* AppDelegate.swift */; };
		C86ABB7C2018E8A900163279 /* LoginViewController.swift in Sources */ = {isa = PBXBuildFile; fileRef = C86ABB7B2018E8A900163279 /* LoginViewController.swift */; };
		C86ABB812018E8A900163279 /* Assets.xcassets in Resources */ = {isa = PBXBuildFile; fileRef = C86ABB802018E8A900163279 /* Assets.xcassets */; };
		C86ABB842018E8A900163279 /* LaunchScreen.storyboard in Resources */ = {isa = PBXBuildFile; fileRef = C86ABB822018E8A900163279 /* LaunchScreen.storyboard */; };
		C86ABB8C2019666900163279 /* MainViewController.swift in Sources */ = {isa = PBXBuildFile; fileRef = C86ABB8B2019666900163279 /* MainViewController.swift */; };
		C86ABB8E20197A2A00163279 /* SignUpViewController.swift in Sources */ = {isa = PBXBuildFile; fileRef = C86ABB8D20197A2A00163279 /* SignUpViewController.swift */; };
		C86ABB9020197CCC00163279 /* HomeViewController.swift in Sources */ = {isa = PBXBuildFile; fileRef = C86ABB8F20197CCC00163279 /* HomeViewController.swift */; };
		C874CF512058740F002ADE7F /* Like.swift in Sources */ = {isa = PBXBuildFile; fileRef = C874CF502058740F002ADE7F /* Like.swift */; };
		C8A2EA6D201993CC00B0FC3B /* GoogleService-Info.plist in Resources */ = {isa = PBXBuildFile; fileRef = C8A2EA6C201993CC00B0FC3B /* GoogleService-Info.plist */; };
		C8A771CA20227D6600AF492D /* ProfileViewController.swift in Sources */ = {isa = PBXBuildFile; fileRef = C8A771C920227D6600AF492D /* ProfileViewController.swift */; };
		C8A771CC202282C300AF492D /* Main.storyboard in Resources */ = {isa = PBXBuildFile; fileRef = C8A771CB202282C300AF492D /* Main.storyboard */; };
		C8A771D0202286E300AF492D /* FriendsViewController.swift in Sources */ = {isa = PBXBuildFile; fileRef = C8A771CF202286E300AF492D /* FriendsViewController.swift */; };
		C8A771D42022ABD500AF492D /* ChatViewController.swift in Sources */ = {isa = PBXBuildFile; fileRef = C8A771D32022ABD500AF492D /* ChatViewController.swift */; };
		C8A771D62022AC3300AF492D /* SettingsViewController.swift in Sources */ = {isa = PBXBuildFile; fileRef = C8A771D52022AC3300AF492D /* SettingsViewController.swift */; };
		C8A771DD2022BDD500AF492D /* NewsFeedTableViewCell.swift in Sources */ = {isa = PBXBuildFile; fileRef = C8A771DB2022BDD500AF492D /* NewsFeedTableViewCell.swift */; };
		C8A771DE2022BDD500AF492D /* NewsFeedTableViewCell.xib in Resources */ = {isa = PBXBuildFile; fileRef = C8A771DC2022BDD500AF492D /* NewsFeedTableViewCell.xib */; };
		C8C10875206A07BF008ED717 /* Friend.swift in Sources */ = {isa = PBXBuildFile; fileRef = C8C10874206A07BF008ED717 /* Friend.swift */; };
		C8C10877206A089D008ED717 /* FriendList.swift in Sources */ = {isa = PBXBuildFile; fileRef = C8C10876206A089D008ED717 /* FriendList.swift */; };
		C8C1087B206A10E7008ED717 /* Person.swift in Sources */ = {isa = PBXBuildFile; fileRef = C8C1087A206A10E7008ED717 /* Person.swift */; };
		C8D2ABB4205DF84400D77D97 /* CommentCell.swift in Sources */ = {isa = PBXBuildFile; fileRef = C8D2ABB2205DF84400D77D97 /* CommentCell.swift */; };
		C8D2ABB5205DF84400D77D97 /* CommentCell.xib in Resources */ = {isa = PBXBuildFile; fileRef = C8D2ABB3205DF84400D77D97 /* CommentCell.xib */; };
		C8FB6E882076B1B100856484 /* CommentsViewController.swift in Sources */ = {isa = PBXBuildFile; fileRef = C8FB6E872076B1B100856484 /* CommentsViewController.swift */; };
		C8FC92C82079F5AF000DFFA4 /* FriendProfileViewController.swift in Sources */ = {isa = PBXBuildFile; fileRef = C8FC92C72079F5AF000DFFA4 /* FriendProfileViewController.swift */; };
		C8FC92CC2079F6E7000DFFA4 /* ProfileHeaderCell.swift in Sources */ = {isa = PBXBuildFile; fileRef = C8FC92CA2079F6E7000DFFA4 /* ProfileHeaderCell.swift */; };
		C8FC92CD2079F6E7000DFFA4 /* ProfileHeaderCell.xib in Resources */ = {isa = PBXBuildFile; fileRef = C8FC92CB2079F6E7000DFFA4 /* ProfileHeaderCell.xib */; };
/* End PBXBuildFile section */

/* Begin PBXFileReference section */
		2577D5BA0F489535A60EFBDF /* Pods-EagleSocial.release.xcconfig */ = {isa = PBXFileReference; includeInIndex = 1; lastKnownFileType = text.xcconfig; name = "Pods-EagleSocial.release.xcconfig"; path = "Pods/Target Support Files/Pods-EagleSocial/Pods-EagleSocial.release.xcconfig"; sourceTree = "<group>"; };
		2798471F2043570000C4D5A3 /* ChangeNameViewController.swift */ = {isa = PBXFileReference; lastKnownFileType = sourcecode.swift; path = ChangeNameViewController.swift; sourceTree = "<group>"; };
		279847212043618100C4D5A3 /* ChangeEmailViewController.swift */ = {isa = PBXFileReference; lastKnownFileType = sourcecode.swift; path = ChangeEmailViewController.swift; sourceTree = "<group>"; };
		27984723204365A800C4D5A3 /* ChangePasswordViewController.swift */ = {isa = PBXFileReference; lastKnownFileType = sourcecode.swift; path = ChangePasswordViewController.swift; sourceTree = "<group>"; };
		3F0201B02041148600C959B9 /* EditProfileViewController.swift */ = {isa = PBXFileReference; lastKnownFileType = sourcecode.swift; path = EditProfileViewController.swift; sourceTree = "<group>"; };
		64007BD620799C70008750F9 /* Conversation.swift */ = {isa = PBXFileReference; fileEncoding = 4; lastKnownFileType = sourcecode.swift; path = Conversation.swift; sourceTree = "<group>"; };
		64007BD820799E59008750F9 /* SelectFriendViewController.swift */ = {isa = PBXFileReference; fileEncoding = 4; lastKnownFileType = sourcecode.swift; path = SelectFriendViewController.swift; sourceTree = "<group>"; };
		64007BDB20799ED2008750F9 /* SelectFriendTableViewCell.swift */ = {isa = PBXFileReference; fileEncoding = 4; lastKnownFileType = sourcecode.swift; path = SelectFriendTableViewCell.swift; sourceTree = "<group>"; };
		64007BDC20799ED2008750F9 /* SelectFriendTableViewCell.xib */ = {isa = PBXFileReference; fileEncoding = 4; lastKnownFileType = file.xib; path = SelectFriendTableViewCell.xib; sourceTree = "<group>"; };
		644867D6205F0DBB00A90512 /* MessageListTableCell.swift */ = {isa = PBXFileReference; lastKnownFileType = sourcecode.swift; path = MessageListTableCell.swift; sourceTree = "<group>"; };
		644867D7205F0DBB00A90512 /* MessageListTableCell.xib */ = {isa = PBXFileReference; lastKnownFileType = file.xib; path = MessageListTableCell.xib; sourceTree = "<group>"; };
		644867DE205F498000A90512 /* MessageViewController.swift */ = {isa = PBXFileReference; lastKnownFileType = sourcecode.swift; path = MessageViewController.swift; sourceTree = "<group>"; };
		644867E0205F4DE100A90512 /* Message.swift */ = {isa = PBXFileReference; lastKnownFileType = sourcecode.swift; path = Message.swift; sourceTree = "<group>"; };
		644867E4205F51AB00A90512 /* MessageCell.swift */ = {isa = PBXFileReference; lastKnownFileType = sourcecode.swift; path = MessageCell.swift; sourceTree = "<group>"; };
		644867E5205F51AB00A90512 /* MessageCell.xib */ = {isa = PBXFileReference; lastKnownFileType = file.xib; path = MessageCell.xib; sourceTree = "<group>"; };
		C8049BAA20427F9000FAC2CC /* Post.swift */ = {isa = PBXFileReference; lastKnownFileType = sourcecode.swift; path = Post.swift; sourceTree = "<group>"; };
		C8049BAC2042850000FAC2CC /* PostSnapshot.swift */ = {isa = PBXFileReference; lastKnownFileType = sourcecode.swift; path = PostSnapshot.swift; sourceTree = "<group>"; };
		C8049BAE2043898D00FAC2CC /* User.swift */ = {isa = PBXFileReference; lastKnownFileType = sourcecode.swift; path = User.swift; sourceTree = "<group>"; };
		C8049BB02043A5C200FAC2CC /* ProfileCreationViewController.swift */ = {isa = PBXFileReference; lastKnownFileType = sourcecode.swift; path = ProfileCreationViewController.swift; sourceTree = "<group>"; };
		C8049BB22046064D00FAC2CC /* FriendTableViewCell.swift */ = {isa = PBXFileReference; lastKnownFileType = sourcecode.swift; path = FriendTableViewCell.swift; sourceTree = "<group>"; };
		C8049BB32046064D00FAC2CC /* FriendTableViewCell.xib */ = {isa = PBXFileReference; lastKnownFileType = file.xib; path = FriendTableViewCell.xib; sourceTree = "<group>"; };
		C8479F78203806E9002A9E9E /* StatusUpdateTableViewCell.swift */ = {isa = PBXFileReference; lastKnownFileType = sourcecode.swift; path = StatusUpdateTableViewCell.swift; sourceTree = "<group>"; };
		C8479F79203806E9002A9E9E /* StatusUpdateTableViewCell.xib */ = {isa = PBXFileReference; lastKnownFileType = file.xib; path = StatusUpdateTableViewCell.xib; sourceTree = "<group>"; };
		C84B419220772B8F00CB2FB4 /* Comment.swift */ = {isa = PBXFileReference; lastKnownFileType = sourcecode.swift; path = Comment.swift; sourceTree = "<group>"; };
		C86ABB762018E8A900163279 /* EagleSocial.app */ = {isa = PBXFileReference; explicitFileType = wrapper.application; includeInIndex = 0; path = EagleSocial.app; sourceTree = BUILT_PRODUCTS_DIR; };
		C86ABB792018E8A900163279 /* AppDelegate.swift */ = {isa = PBXFileReference; lastKnownFileType = sourcecode.swift; path = AppDelegate.swift; sourceTree = "<group>"; };
		C86ABB7B2018E8A900163279 /* LoginViewController.swift */ = {isa = PBXFileReference; lastKnownFileType = sourcecode.swift; path = LoginViewController.swift; sourceTree = "<group>"; };
		C86ABB802018E8A900163279 /* Assets.xcassets */ = {isa = PBXFileReference; lastKnownFileType = folder.assetcatalog; path = Assets.xcassets; sourceTree = "<group>"; };
		C86ABB832018E8A900163279 /* Base */ = {isa = PBXFileReference; lastKnownFileType = file.storyboard; name = Base; path = Base.lproj/LaunchScreen.storyboard; sourceTree = "<group>"; };
		C86ABB852018E8A900163279 /* Info.plist */ = {isa = PBXFileReference; lastKnownFileType = text.plist.xml; path = Info.plist; sourceTree = "<group>"; };
		C86ABB8B2019666900163279 /* MainViewController.swift */ = {isa = PBXFileReference; lastKnownFileType = sourcecode.swift; path = MainViewController.swift; sourceTree = "<group>"; };
		C86ABB8D20197A2A00163279 /* SignUpViewController.swift */ = {isa = PBXFileReference; lastKnownFileType = sourcecode.swift; path = SignUpViewController.swift; sourceTree = "<group>"; };
		C86ABB8F20197CCC00163279 /* HomeViewController.swift */ = {isa = PBXFileReference; lastKnownFileType = sourcecode.swift; path = HomeViewController.swift; sourceTree = "<group>"; };
		C874CF502058740F002ADE7F /* Like.swift */ = {isa = PBXFileReference; lastKnownFileType = sourcecode.swift; path = Like.swift; sourceTree = "<group>"; };
		C8A2EA6C201993CC00B0FC3B /* GoogleService-Info.plist */ = {isa = PBXFileReference; fileEncoding = 4; lastKnownFileType = text.plist.xml; path = "GoogleService-Info.plist"; sourceTree = "<group>"; };
		C8A771C920227D6600AF492D /* ProfileViewController.swift */ = {isa = PBXFileReference; lastKnownFileType = sourcecode.swift; path = ProfileViewController.swift; sourceTree = "<group>"; };
		C8A771CB202282C300AF492D /* Main.storyboard */ = {isa = PBXFileReference; lastKnownFileType = file.storyboard; path = Main.storyboard; sourceTree = "<group>"; };
		C8A771CF202286E300AF492D /* FriendsViewController.swift */ = {isa = PBXFileReference; lastKnownFileType = sourcecode.swift; path = FriendsViewController.swift; sourceTree = "<group>"; };
		C8A771D32022ABD500AF492D /* ChatViewController.swift */ = {isa = PBXFileReference; lastKnownFileType = sourcecode.swift; path = ChatViewController.swift; sourceTree = "<group>"; };
		C8A771D52022AC3300AF492D /* SettingsViewController.swift */ = {isa = PBXFileReference; lastKnownFileType = sourcecode.swift; path = SettingsViewController.swift; sourceTree = "<group>"; };
		C8A771DB2022BDD500AF492D /* NewsFeedTableViewCell.swift */ = {isa = PBXFileReference; lastKnownFileType = sourcecode.swift; path = NewsFeedTableViewCell.swift; sourceTree = "<group>"; };
		C8A771DC2022BDD500AF492D /* NewsFeedTableViewCell.xib */ = {isa = PBXFileReference; lastKnownFileType = file.xib; path = NewsFeedTableViewCell.xib; sourceTree = "<group>"; };
		C8C10874206A07BF008ED717 /* Friend.swift */ = {isa = PBXFileReference; lastKnownFileType = sourcecode.swift; path = Friend.swift; sourceTree = "<group>"; };
		C8C10876206A089D008ED717 /* FriendList.swift */ = {isa = PBXFileReference; lastKnownFileType = sourcecode.swift; path = FriendList.swift; sourceTree = "<group>"; };
		C8C1087A206A10E7008ED717 /* Person.swift */ = {isa = PBXFileReference; lastKnownFileType = sourcecode.swift; path = Person.swift; sourceTree = "<group>"; };
		C8D2ABB2205DF84400D77D97 /* CommentCell.swift */ = {isa = PBXFileReference; lastKnownFileType = sourcecode.swift; path = CommentCell.swift; sourceTree = "<group>"; };
		C8D2ABB3205DF84400D77D97 /* CommentCell.xib */ = {isa = PBXFileReference; lastKnownFileType = file.xib; path = CommentCell.xib; sourceTree = "<group>"; };
		C8FB6E872076B1B100856484 /* CommentsViewController.swift */ = {isa = PBXFileReference; lastKnownFileType = sourcecode.swift; path = CommentsViewController.swift; sourceTree = "<group>"; };
		C8FC92C72079F5AF000DFFA4 /* FriendProfileViewController.swift */ = {isa = PBXFileReference; lastKnownFileType = sourcecode.swift; path = FriendProfileViewController.swift; sourceTree = "<group>"; };
		C8FC92CA2079F6E7000DFFA4 /* ProfileHeaderCell.swift */ = {isa = PBXFileReference; lastKnownFileType = sourcecode.swift; path = ProfileHeaderCell.swift; sourceTree = "<group>"; };
		C8FC92CB2079F6E7000DFFA4 /* ProfileHeaderCell.xib */ = {isa = PBXFileReference; lastKnownFileType = file.xib; path = ProfileHeaderCell.xib; sourceTree = "<group>"; };
		F05EAFF70536E4D9D3775ECB /* Pods_EagleSocial.framework */ = {isa = PBXFileReference; explicitFileType = wrapper.framework; includeInIndex = 0; path = Pods_EagleSocial.framework; sourceTree = BUILT_PRODUCTS_DIR; };
		F29393794219B9D9B080E813 /* Pods-EagleSocial.debug.xcconfig */ = {isa = PBXFileReference; includeInIndex = 1; lastKnownFileType = text.xcconfig; name = "Pods-EagleSocial.debug.xcconfig"; path = "Pods/Target Support Files/Pods-EagleSocial/Pods-EagleSocial.debug.xcconfig"; sourceTree = "<group>"; };
/* End PBXFileReference section */

/* Begin PBXFrameworksBuildPhase section */
		C86ABB732018E8A900163279 /* Frameworks */ = {
			isa = PBXFrameworksBuildPhase;
			buildActionMask = 2147483647;
			files = (
				4F2AB188817708726C4F4639 /* Pods_EagleSocial.framework in Frameworks */,
			);
			runOnlyForDeploymentPostprocessing = 0;
		};
/* End PBXFrameworksBuildPhase section */

/* Begin PBXGroup section */
		093989FA6219FE634E60C0BF /* Frameworks */ = {
			isa = PBXGroup;
			children = (
				F05EAFF70536E4D9D3775ECB /* Pods_EagleSocial.framework */,
			);
			name = Frameworks;
			sourceTree = "<group>";
		};
		4AFFC567BD894C6DD5DA286E /* Pods */ = {
			isa = PBXGroup;
			children = (
				F29393794219B9D9B080E813 /* Pods-EagleSocial.debug.xcconfig */,
				2577D5BA0F489535A60EFBDF /* Pods-EagleSocial.release.xcconfig */,
			);
			name = Pods;
			sourceTree = "<group>";
		};
		64007BDA20799EAA008750F9 /* SelectFriendTableViewCell */ = {
			isa = PBXGroup;
			children = (
				64007BDB20799ED2008750F9 /* SelectFriendTableViewCell.swift */,
				64007BDC20799ED2008750F9 /* SelectFriendTableViewCell.xib */,
			);
			path = SelectFriendTableViewCell;
			sourceTree = "<group>";
		};
		644867D4205F0D5900A90512 /* MessageListTableCell */ = {
			isa = PBXGroup;
			children = (
				644867D6205F0DBB00A90512 /* MessageListTableCell.swift */,
				644867D7205F0DBB00A90512 /* MessageListTableCell.xib */,
			);
			path = MessageListTableCell;
			sourceTree = "<group>";
		};
		644867D5205F0D6F00A90512 /* MessageCell */ = {
			isa = PBXGroup;
			children = (
				644867E4205F51AB00A90512 /* MessageCell.swift */,
				644867E5205F51AB00A90512 /* MessageCell.xib */,
			);
			path = MessageCell;
			sourceTree = "<group>";
		};
		C86ABB6D2018E8A900163279 = {
			isa = PBXGroup;
			children = (
				C86ABB782018E8A900163279 /* EagleSocial */,
				C86ABB772018E8A900163279 /* Products */,
				4AFFC567BD894C6DD5DA286E /* Pods */,
				093989FA6219FE634E60C0BF /* Frameworks */,
			);
			sourceTree = "<group>";
		};
		C86ABB772018E8A900163279 /* Products */ = {
			isa = PBXGroup;
			children = (
				C86ABB762018E8A900163279 /* EagleSocial.app */,
			);
			name = Products;
			sourceTree = "<group>";
		};
		C86ABB782018E8A900163279 /* EagleSocial */ = {
			isa = PBXGroup;
			children = (
				C86ABB9220197D1C00163279 /* Model */,
				C86ABB9320197D3000163279 /* View */,
				C86ABB9120197CE900163279 /* Controller */,
				C86ABB802018E8A900163279 /* Assets.xcassets */,
				C86ABB852018E8A900163279 /* Info.plist */,
				C8A2EA6C201993CC00B0FC3B /* GoogleService-Info.plist */,
			);
			path = EagleSocial;
			sourceTree = "<group>";
		};
		C86ABB9120197CE900163279 /* Controller */ = {
			isa = PBXGroup;
			children = (
				C8FC92C92079F68B000DFFA4 /* Custom Cells */,
				64007BD820799E59008750F9 /* SelectFriendViewController.swift */,
				C86ABB8B2019666900163279 /* MainViewController.swift */,
				C86ABB8D20197A2A00163279 /* SignUpViewController.swift */,
				C86ABB7B2018E8A900163279 /* LoginViewController.swift */,
				C8A771C920227D6600AF492D /* ProfileViewController.swift */,
				3F0201B02041148600C959B9 /* EditProfileViewController.swift */,
				C86ABB8F20197CCC00163279 /* HomeViewController.swift */,
				C8A771CF202286E300AF492D /* FriendsViewController.swift */,
				C8A771D32022ABD500AF492D /* ChatViewController.swift */,
				C8A771D52022AC3300AF492D /* SettingsViewController.swift */,
				C86ABB792018E8A900163279 /* AppDelegate.swift */,
				2798471F2043570000C4D5A3 /* ChangeNameViewController.swift */,
				279847212043618100C4D5A3 /* ChangeEmailViewController.swift */,
				27984723204365A800C4D5A3 /* ChangePasswordViewController.swift */,
				C8049BB02043A5C200FAC2CC /* ProfileCreationViewController.swift */,
				644867DE205F498000A90512 /* MessageViewController.swift */,
				C8FB6E872076B1B100856484 /* CommentsViewController.swift */,
				C8FC92C72079F5AF000DFFA4 /* FriendProfileViewController.swift */,
			);
			path = Controller;
			sourceTree = "<group>";
		};
		C86ABB9220197D1C00163279 /* Model */ = {
			isa = PBXGroup;
			children = (
				C8049BAA20427F9000FAC2CC /* Post.swift */,
				C8049BAC2042850000FAC2CC /* PostSnapshot.swift */,
				C8049BAE2043898D00FAC2CC /* User.swift */,
				C874CF502058740F002ADE7F /* Like.swift */,
				644867E0205F4DE100A90512 /* Message.swift */,
				C8C10874206A07BF008ED717 /* Friend.swift */,
				C8C10876206A089D008ED717 /* FriendList.swift */,
				C8C1087A206A10E7008ED717 /* Person.swift */,
				C84B419220772B8F00CB2FB4 /* Comment.swift */,
				64007BD620799C70008750F9 /* Conversation.swift */,
			);
			path = Model;
			sourceTree = "<group>";
		};
		C86ABB9320197D3000163279 /* View */ = {
			isa = PBXGroup;
			children = (
				64007BDA20799EAA008750F9 /* SelectFriendTableViewCell */,
				644867D5205F0D6F00A90512 /* MessageCell */,
				644867D4205F0D5900A90512 /* MessageListTableCell */,
				C86ABB822018E8A900163279 /* LaunchScreen.storyboard */,
				C8A771CB202282C300AF492D /* Main.storyboard */,
			);
			path = View;
			sourceTree = "<group>";
		};
		C8FC92C92079F68B000DFFA4 /* Custom Cells */ = {
			isa = PBXGroup;
			children = (
				C8A771DB2022BDD500AF492D /* NewsFeedTableViewCell.swift */,
				C8A771DC2022BDD500AF492D /* NewsFeedTableViewCell.xib */,
				C8479F78203806E9002A9E9E /* StatusUpdateTableViewCell.swift */,
				C8479F79203806E9002A9E9E /* StatusUpdateTableViewCell.xib */,
				C8049BB22046064D00FAC2CC /* FriendTableViewCell.swift */,
				C8049BB32046064D00FAC2CC /* FriendTableViewCell.xib */,
				C8D2ABB2205DF84400D77D97 /* CommentCell.swift */,
				C8D2ABB3205DF84400D77D97 /* CommentCell.xib */,
				C8FC92CA2079F6E7000DFFA4 /* ProfileHeaderCell.swift */,
				C8FC92CB2079F6E7000DFFA4 /* ProfileHeaderCell.xib */,
			);
			path = "Custom Cells";
			sourceTree = "<group>";
		};
/* End PBXGroup section */

/* Begin PBXNativeTarget section */
		C86ABB752018E8A900163279 /* EagleSocial */ = {
			isa = PBXNativeTarget;
			buildConfigurationList = C86ABB882018E8A900163279 /* Build configuration list for PBXNativeTarget "EagleSocial" */;
			buildPhases = (
				D6071483B3991302F21DBF07 /* [CP] Check Pods Manifest.lock */,
				C86ABB722018E8A900163279 /* Sources */,
				C86ABB732018E8A900163279 /* Frameworks */,
				C86ABB742018E8A900163279 /* Resources */,
				609520B59B7E86059A184DC7 /* [CP] Embed Pods Frameworks */,
				A25DA11E42B3EF220A1DEFAB /* [CP] Copy Pods Resources */,
			);
			buildRules = (
			);
			dependencies = (
			);
			name = EagleSocial;
			productName = EagleSocial;
			productReference = C86ABB762018E8A900163279 /* EagleSocial.app */;
			productType = "com.apple.product-type.application";
		};
/* End PBXNativeTarget section */

/* Begin PBXProject section */
		C86ABB6E2018E8A900163279 /* Project object */ = {
			isa = PBXProject;
			attributes = {
				LastSwiftUpdateCheck = 0920;
				LastUpgradeCheck = 0930;
				ORGANIZATIONNAME = "Jody Bailey";
				TargetAttributes = {
					C86ABB752018E8A900163279 = {
						CreatedOnToolsVersion = 9.2;
						ProvisioningStyle = Automatic;
					};
				};
			};
			buildConfigurationList = C86ABB712018E8A900163279 /* Build configuration list for PBXProject "EagleSocial" */;
			compatibilityVersion = "Xcode 8.0";
			developmentRegion = en;
			hasScannedForEncodings = 0;
			knownRegions = (
				en,
				Base,
			);
			mainGroup = C86ABB6D2018E8A900163279;
			productRefGroup = C86ABB772018E8A900163279 /* Products */;
			projectDirPath = "";
			projectRoot = "";
			targets = (
				C86ABB752018E8A900163279 /* EagleSocial */,
			);
		};
/* End PBXProject section */

/* Begin PBXResourcesBuildPhase section */
		C86ABB742018E8A900163279 /* Resources */ = {
			isa = PBXResourcesBuildPhase;
			buildActionMask = 2147483647;
			files = (
				C8FC92CD2079F6E7000DFFA4 /* ProfileHeaderCell.xib in Resources */,
				C86ABB842018E8A900163279 /* LaunchScreen.storyboard in Resources */,
				64007BDE20799ED2008750F9 /* SelectFriendTableViewCell.xib in Resources */,
				644867D9205F0DBB00A90512 /* MessageListTableCell.xib in Resources */,
				C86ABB812018E8A900163279 /* Assets.xcassets in Resources */,
				C8A771DE2022BDD500AF492D /* NewsFeedTableViewCell.xib in Resources */,
				C8D2ABB5205DF84400D77D97 /* CommentCell.xib in Resources */,
				644867E7205F51AB00A90512 /* MessageCell.xib in Resources */,
				C8049BB52046064D00FAC2CC /* FriendTableViewCell.xib in Resources */,
				C8479F7B203806E9002A9E9E /* StatusUpdateTableViewCell.xib in Resources */,
				C8A771CC202282C300AF492D /* Main.storyboard in Resources */,
				C8A2EA6D201993CC00B0FC3B /* GoogleService-Info.plist in Resources */,
			);
			runOnlyForDeploymentPostprocessing = 0;
		};
/* End PBXResourcesBuildPhase section */

/* Begin PBXShellScriptBuildPhase section */
		609520B59B7E86059A184DC7 /* [CP] Embed Pods Frameworks */ = {
			isa = PBXShellScriptBuildPhase;
			buildActionMask = 2147483647;
			files = (
			);
			inputPaths = (
				"${SRCROOT}/Pods/Target Support Files/Pods-EagleSocial/Pods-EagleSocial-frameworks.sh",
				"${BUILT_PRODUCTS_DIR}/GTMSessionFetcher/GTMSessionFetcher.framework",
				"${BUILT_PRODUCTS_DIR}/GoogleToolboxForMac/GoogleToolboxForMac.framework",
				"${BUILT_PRODUCTS_DIR}/SVProgressHUD/SVProgressHUD.framework",
				"${BUILT_PRODUCTS_DIR}/leveldb-library/leveldb.framework",
				"${BUILT_PRODUCTS_DIR}/nanopb/nanopb.framework",
			);
			name = "[CP] Embed Pods Frameworks";
			outputPaths = (
				"${TARGET_BUILD_DIR}/${FRAMEWORKS_FOLDER_PATH}/GTMSessionFetcher.framework",
				"${TARGET_BUILD_DIR}/${FRAMEWORKS_FOLDER_PATH}/GoogleToolboxForMac.framework",
				"${TARGET_BUILD_DIR}/${FRAMEWORKS_FOLDER_PATH}/SVProgressHUD.framework",
				"${TARGET_BUILD_DIR}/${FRAMEWORKS_FOLDER_PATH}/leveldb.framework",
				"${TARGET_BUILD_DIR}/${FRAMEWORKS_FOLDER_PATH}/nanopb.framework",
			);
			runOnlyForDeploymentPostprocessing = 0;
			shellPath = /bin/sh;
			shellScript = "\"${SRCROOT}/Pods/Target Support Files/Pods-EagleSocial/Pods-EagleSocial-frameworks.sh\"\n";
			showEnvVarsInLog = 0;
		};
		A25DA11E42B3EF220A1DEFAB /* [CP] Copy Pods Resources */ = {
			isa = PBXShellScriptBuildPhase;
			buildActionMask = 8;
			files = (
			);
			inputPaths = (
			);
			name = "[CP] Copy Pods Resources";
			outputPaths = (
			);
			runOnlyForDeploymentPostprocessing = 1;
			shellPath = /bin/sh;
			shellScript = "\"${SRCROOT}/Pods/Target Support Files/Pods-EagleSocial/Pods-EagleSocial-resources.sh\"\n";
			showEnvVarsInLog = 0;
		};
		D6071483B3991302F21DBF07 /* [CP] Check Pods Manifest.lock */ = {
			isa = PBXShellScriptBuildPhase;
			buildActionMask = 2147483647;
			files = (
			);
			inputPaths = (
				"${PODS_PODFILE_DIR_PATH}/Podfile.lock",
				"${PODS_ROOT}/Manifest.lock",
			);
			name = "[CP] Check Pods Manifest.lock";
			outputPaths = (
				"$(DERIVED_FILE_DIR)/Pods-EagleSocial-checkManifestLockResult.txt",
			);
			runOnlyForDeploymentPostprocessing = 0;
			shellPath = /bin/sh;
			shellScript = "diff \"${PODS_PODFILE_DIR_PATH}/Podfile.lock\" \"${PODS_ROOT}/Manifest.lock\" > /dev/null\nif [ $? != 0 ] ; then\n    # print error to STDERR\n    echo \"error: The sandbox is not in sync with the Podfile.lock. Run 'pod install' or update your CocoaPods installation.\" >&2\n    exit 1\nfi\n# This output is used by Xcode 'outputs' to avoid re-running this script phase.\necho \"SUCCESS\" > \"${SCRIPT_OUTPUT_FILE_0}\"\n";
			showEnvVarsInLog = 0;
		};
/* End PBXShellScriptBuildPhase section */

/* Begin PBXSourcesBuildPhase section */
		C86ABB722018E8A900163279 /* Sources */ = {
			isa = PBXSourcesBuildPhase;
			buildActionMask = 2147483647;
			files = (
				C8C1087B206A10E7008ED717 /* Person.swift in Sources */,
				3F0201B12041148600C959B9 /* EditProfileViewController.swift in Sources */,
				C8A771D0202286E300AF492D /* FriendsViewController.swift in Sources */,
				C8A771CA20227D6600AF492D /* ProfileViewController.swift in Sources */,
				27984724204365A800C4D5A3 /* ChangePasswordViewController.swift in Sources */,
				C86ABB9020197CCC00163279 /* HomeViewController.swift in Sources */,
				C8A771D62022AC3300AF492D /* SettingsViewController.swift in Sources */,
				644867D8205F0DBB00A90512 /* MessageListTableCell.swift in Sources */,
				64007BD920799E5A008750F9 /* SelectFriendViewController.swift in Sources */,
				C8049BB42046064D00FAC2CC /* FriendTableViewCell.swift in Sources */,
				C8049BAB20427F9000FAC2CC /* Post.swift in Sources */,
				644867E1205F4DE100A90512 /* Message.swift in Sources */,
				C8FC92CC2079F6E7000DFFA4 /* ProfileHeaderCell.swift in Sources */,
				644867DF205F498000A90512 /* MessageViewController.swift in Sources */,
				C874CF512058740F002ADE7F /* Like.swift in Sources */,
				64007BDD20799ED2008750F9 /* SelectFriendTableViewCell.swift in Sources */,
				C8049BB12043A5C200FAC2CC /* ProfileCreationViewController.swift in Sources */,
				279847222043618100C4D5A3 /* ChangeEmailViewController.swift in Sources */,
				C8479F7A203806E9002A9E9E /* StatusUpdateTableViewCell.swift in Sources */,
				C8C10875206A07BF008ED717 /* Friend.swift in Sources */,
				C8049BAD2042850000FAC2CC /* PostSnapshot.swift in Sources */,
				C8D2ABB4205DF84400D77D97 /* CommentCell.swift in Sources */,
				C8A771DD2022BDD500AF492D /* NewsFeedTableViewCell.swift in Sources */,
				C86ABB8C2019666900163279 /* MainViewController.swift in Sources */,
				C86ABB7C2018E8A900163279 /* LoginViewController.swift in Sources */,
				C8FB6E882076B1B100856484 /* CommentsViewController.swift in Sources */,
				C86ABB8E20197A2A00163279 /* SignUpViewController.swift in Sources */,
				C8A771D42022ABD500AF492D /* ChatViewController.swift in Sources */,
				C86ABB7A2018E8A900163279 /* AppDelegate.swift in Sources */,
				64007BD720799C70008750F9 /* Conversation.swift in Sources */,
				C84B419320772B8F00CB2FB4 /* Comment.swift in Sources */,
				C8FC92C82079F5AF000DFFA4 /* FriendProfileViewController.swift in Sources */,
				279847202043570000C4D5A3 /* ChangeNameViewController.swift in Sources */,
				C8049BAF2043898D00FAC2CC /* User.swift in Sources */,
				C8C10877206A089D008ED717 /* FriendList.swift in Sources */,
				644867E6205F51AB00A90512 /* MessageCell.swift in Sources */,
			);
			runOnlyForDeploymentPostprocessing = 0;
		};
/* End PBXSourcesBuildPhase section */

/* Begin PBXVariantGroup section */
		C86ABB822018E8A900163279 /* LaunchScreen.storyboard */ = {
			isa = PBXVariantGroup;
			children = (
				C86ABB832018E8A900163279 /* Base */,
			);
			name = LaunchScreen.storyboard;
			sourceTree = "<group>";
		};
/* End PBXVariantGroup section */

/* Begin XCBuildConfiguration section */
		C86ABB862018E8A900163279 /* Debug */ = {
			isa = XCBuildConfiguration;
			buildSettings = {
				ALWAYS_SEARCH_USER_PATHS = NO;
				CLANG_ANALYZER_NONNULL = YES;
				CLANG_ANALYZER_NUMBER_OBJECT_CONVERSION = YES_AGGRESSIVE;
				CLANG_CXX_LANGUAGE_STANDARD = "gnu++14";
				CLANG_CXX_LIBRARY = "libc++";
				CLANG_ENABLE_MODULES = YES;
				CLANG_ENABLE_OBJC_ARC = YES;
				CLANG_WARN_BLOCK_CAPTURE_AUTORELEASING = YES;
				CLANG_WARN_BOOL_CONVERSION = YES;
				CLANG_WARN_COMMA = YES;
				CLANG_WARN_CONSTANT_CONVERSION = YES;
				CLANG_WARN_DEPRECATED_OBJC_IMPLEMENTATIONS = YES;
				CLANG_WARN_DIRECT_OBJC_ISA_USAGE = YES_ERROR;
				CLANG_WARN_DOCUMENTATION_COMMENTS = YES;
				CLANG_WARN_EMPTY_BODY = YES;
				CLANG_WARN_ENUM_CONVERSION = YES;
				CLANG_WARN_INFINITE_RECURSION = YES;
				CLANG_WARN_INT_CONVERSION = YES;
				CLANG_WARN_NON_LITERAL_NULL_CONVERSION = YES;
				CLANG_WARN_OBJC_IMPLICIT_RETAIN_SELF = YES;
				CLANG_WARN_OBJC_LITERAL_CONVERSION = YES;
				CLANG_WARN_OBJC_ROOT_CLASS = YES_ERROR;
				CLANG_WARN_RANGE_LOOP_ANALYSIS = YES;
				CLANG_WARN_STRICT_PROTOTYPES = YES;
				CLANG_WARN_SUSPICIOUS_MOVE = YES;
				CLANG_WARN_UNGUARDED_AVAILABILITY = YES_AGGRESSIVE;
				CLANG_WARN_UNREACHABLE_CODE = YES;
				CLANG_WARN__DUPLICATE_METHOD_MATCH = YES;
				CODE_SIGN_IDENTITY = "iPhone Developer";
				COPY_PHASE_STRIP = NO;
				DEBUG_INFORMATION_FORMAT = dwarf;
				ENABLE_STRICT_OBJC_MSGSEND = YES;
				ENABLE_TESTABILITY = YES;
				GCC_C_LANGUAGE_STANDARD = gnu11;
				GCC_DYNAMIC_NO_PIC = NO;
				GCC_NO_COMMON_BLOCKS = YES;
				GCC_OPTIMIZATION_LEVEL = 0;
				GCC_PREPROCESSOR_DEFINITIONS = (
					"DEBUG=1",
					"$(inherited)",
				);
				GCC_WARN_64_TO_32_BIT_CONVERSION = YES;
				GCC_WARN_ABOUT_RETURN_TYPE = YES_ERROR;
				GCC_WARN_UNDECLARED_SELECTOR = YES;
				GCC_WARN_UNINITIALIZED_AUTOS = YES_AGGRESSIVE;
				GCC_WARN_UNUSED_FUNCTION = YES;
				GCC_WARN_UNUSED_VARIABLE = YES;
				IPHONEOS_DEPLOYMENT_TARGET = 11.2;
				MTL_ENABLE_DEBUG_INFO = YES;
				ONLY_ACTIVE_ARCH = YES;
				SDKROOT = iphoneos;
				SWIFT_ACTIVE_COMPILATION_CONDITIONS = DEBUG;
				SWIFT_OPTIMIZATION_LEVEL = "-Onone";
			};
			name = Debug;
		};
		C86ABB872018E8A900163279 /* Release */ = {
			isa = XCBuildConfiguration;
			buildSettings = {
				ALWAYS_SEARCH_USER_PATHS = NO;
				CLANG_ANALYZER_NONNULL = YES;
				CLANG_ANALYZER_NUMBER_OBJECT_CONVERSION = YES_AGGRESSIVE;
				CLANG_CXX_LANGUAGE_STANDARD = "gnu++14";
				CLANG_CXX_LIBRARY = "libc++";
				CLANG_ENABLE_MODULES = YES;
				CLANG_ENABLE_OBJC_ARC = YES;
				CLANG_WARN_BLOCK_CAPTURE_AUTORELEASING = YES;
				CLANG_WARN_BOOL_CONVERSION = YES;
				CLANG_WARN_COMMA = YES;
				CLANG_WARN_CONSTANT_CONVERSION = YES;
				CLANG_WARN_DEPRECATED_OBJC_IMPLEMENTATIONS = YES;
				CLANG_WARN_DIRECT_OBJC_ISA_USAGE = YES_ERROR;
				CLANG_WARN_DOCUMENTATION_COMMENTS = YES;
				CLANG_WARN_EMPTY_BODY = YES;
				CLANG_WARN_ENUM_CONVERSION = YES;
				CLANG_WARN_INFINITE_RECURSION = YES;
				CLANG_WARN_INT_CONVERSION = YES;
				CLANG_WARN_NON_LITERAL_NULL_CONVERSION = YES;
				CLANG_WARN_OBJC_IMPLICIT_RETAIN_SELF = YES;
				CLANG_WARN_OBJC_LITERAL_CONVERSION = YES;
				CLANG_WARN_OBJC_ROOT_CLASS = YES_ERROR;
				CLANG_WARN_RANGE_LOOP_ANALYSIS = YES;
				CLANG_WARN_STRICT_PROTOTYPES = YES;
				CLANG_WARN_SUSPICIOUS_MOVE = YES;
				CLANG_WARN_UNGUARDED_AVAILABILITY = YES_AGGRESSIVE;
				CLANG_WARN_UNREACHABLE_CODE = YES;
				CLANG_WARN__DUPLICATE_METHOD_MATCH = YES;
				CODE_SIGN_IDENTITY = "iPhone Developer";
				COPY_PHASE_STRIP = NO;
				DEBUG_INFORMATION_FORMAT = "dwarf-with-dsym";
				ENABLE_NS_ASSERTIONS = NO;
				ENABLE_STRICT_OBJC_MSGSEND = YES;
				GCC_C_LANGUAGE_STANDARD = gnu11;
				GCC_NO_COMMON_BLOCKS = YES;
				GCC_WARN_64_TO_32_BIT_CONVERSION = YES;
				GCC_WARN_ABOUT_RETURN_TYPE = YES_ERROR;
				GCC_WARN_UNDECLARED_SELECTOR = YES;
				GCC_WARN_UNINITIALIZED_AUTOS = YES_AGGRESSIVE;
				GCC_WARN_UNUSED_FUNCTION = YES;
				GCC_WARN_UNUSED_VARIABLE = YES;
				IPHONEOS_DEPLOYMENT_TARGET = 11.2;
				MTL_ENABLE_DEBUG_INFO = NO;
				SDKROOT = iphoneos;
				SWIFT_OPTIMIZATION_LEVEL = "-Owholemodule";
				VALIDATE_PRODUCT = YES;
			};
			name = Release;
		};
		C86ABB892018E8A900163279 /* Debug */ = {
			isa = XCBuildConfiguration;
			baseConfigurationReference = F29393794219B9D9B080E813 /* Pods-EagleSocial.debug.xcconfig */;
			buildSettings = {
				ASSETCATALOG_COMPILER_APPICON_NAME = AppIcon;
				CODE_SIGN_IDENTITY = "iPhone Developer";
				"CODE_SIGN_IDENTITY[sdk=iphoneos*]" = "iPhone Developer";
				CODE_SIGN_STYLE = Automatic;
				DEVELOPMENT_TEAM = 3HKK9JZT88;
				INFOPLIST_FILE = EagleSocial/Info.plist;
				LD_RUNPATH_SEARCH_PATHS = "$(inherited) @executable_path/Frameworks";
				PRODUCT_BUNDLE_IDENTIFIER = com.jodybailey.EagelSocial;
				PRODUCT_NAME = "$(TARGET_NAME)";
				PROVISIONING_PROFILE_SPECIFIER = "";
				SWIFT_VERSION = 4.0;
				TARGETED_DEVICE_FAMILY = 1;
			};
			name = Debug;
		};
		C86ABB8A2018E8A900163279 /* Release */ = {
			isa = XCBuildConfiguration;
			baseConfigurationReference = 2577D5BA0F489535A60EFBDF /* Pods-EagleSocial.release.xcconfig */;
			buildSettings = {
				ASSETCATALOG_COMPILER_APPICON_NAME = AppIcon;
				CODE_SIGN_IDENTITY = "iPhone Developer";
				"CODE_SIGN_IDENTITY[sdk=iphoneos*]" = "iPhone Developer";
				CODE_SIGN_STYLE = Automatic;
				DEVELOPMENT_TEAM = 3HKK9JZT88;
				INFOPLIST_FILE = EagleSocial/Info.plist;
				LD_RUNPATH_SEARCH_PATHS = "$(inherited) @executable_path/Frameworks";
				PRODUCT_BUNDLE_IDENTIFIER = com.jodybailey.EagelSocial;
				PRODUCT_NAME = "$(TARGET_NAME)";
				PROVISIONING_PROFILE_SPECIFIER = "";
				SWIFT_VERSION = 4.0;
				TARGETED_DEVICE_FAMILY = 1;
			};
			name = Release;
		};
/* End XCBuildConfiguration section */

/* Begin XCConfigurationList section */
		C86ABB712018E8A900163279 /* Build configuration list for PBXProject "EagleSocial" */ = {
			isa = XCConfigurationList;
			buildConfigurations = (
				C86ABB862018E8A900163279 /* Debug */,
				C86ABB872018E8A900163279 /* Release */,
			);
			defaultConfigurationIsVisible = 0;
			defaultConfigurationName = Release;
		};
		C86ABB882018E8A900163279 /* Build configuration list for PBXNativeTarget "EagleSocial" */ = {
			isa = XCConfigurationList;
			buildConfigurations = (
				C86ABB892018E8A900163279 /* Debug */,
				C86ABB8A2018E8A900163279 /* Release */,
			);
			defaultConfigurationIsVisible = 0;
			defaultConfigurationName = Release;
		};
/* End XCConfigurationList section */
	};
	rootObject = C86ABB6E2018E8A900163279 /* Project object */;
}
